
Microsoft Visual Studio Solution File, Format Version 12.00
# Visual Studio Version 16
VisualStudioVersion = 16.0.31911.196
MinimumVisualStudioVersion = 10.0.40219.1
Project("{9A19103F-16F7-4668-BE54-9A1E7A4F7556}") = "MB.Domain", "MB.Domain\MB.Domain.csproj", "{D461BC8B-10E4-40CE-A3D4-114D11796428}"
EndProject
Project("{9A19103F-16F7-4668-BE54-9A1E7A4F7556}") = "MB.Application.contracts", "MB.Application.contracts\MB.Application.contracts.csproj", "{6BC0908B-BD05-4FDC-BC84-1F6631F9CDE1}"
EndProject
Project("{9A19103F-16F7-4668-BE54-9A1E7A4F7556}") = "MB.Application", "MB.Application\MB.Application.csproj", "{6EC68B3F-8DC0-44ED-BADA-E198BE698726}"
EndProject
Project("{9A19103F-16F7-4668-BE54-9A1E7A4F7556}") = "MB.Infrastructure.EFCore", "MB.Infrastructure.EFCore\MB.Infrastructure.EFCore.csproj", "{47CBD943-91A2-4D19-994B-EBDE450F8FE5}"
EndProject
Project("{9A19103F-16F7-4668-BE54-9A1E7A4F7556}") = "MB.Presentation.MVCCore", "MB.Presentation.MVCCore\MB.Presentation.MVCCore.csproj", "{51F61D7D-CC3C-44BF-9ADD-F98FCAD5A54C}"
	ProjectSection(ProjectDependencies) = postProject
		{47CBD943-91A2-4D19-994B-EBDE450F8FE5} = {47CBD943-91A2-4D19-994B-EBDE450F8FE5}
		{E85BD6EF-2FB6-47D5-8B3F-EEAEEF13B10F} = {E85BD6EF-2FB6-47D5-8B3F-EEAEEF13B10F}
	EndProjectSection
EndProject
Project("{9A19103F-16F7-4668-BE54-9A1E7A4F7556}") = "MB.Infrastructure.Core", "MB.Infrastruture.Core\MB.Infrastructure.Core.csproj", "{E85BD6EF-2FB6-47D5-8B3F-EEAEEF13B10F}"
EndProject
Project("{FAE04EC0-301F-11D3-BF4B-00C04F79EFBC}") = "MB.Infrastructure.Query", "MB.Infrastructure.Query\MB.Infrastructure.Query.csproj", "{0140B08C-89BF-438F-84A6-DD3EEB77F57C}"
EndProject
Global
	GlobalSection(SolutionConfigurationPlatforms) = preSolution
		Debug|Any CPU = Debug|Any CPU
		Release|Any CPU = Release|Any CPU
	EndGlobalSection
	GlobalSection(ProjectConfigurationPlatforms) = postSolution
		{D461BC8B-10E4-40CE-A3D4-114D11796428}.Debug|Any CPU.ActiveCfg = Debug|Any CPU
		{D461BC8B-10E4-40CE-A3D4-114D11796428}.Debug|Any CPU.Build.0 = Debug|Any CPU
		{D461BC8B-10E4-40CE-A3D4-114D11796428}.Release|Any CPU.ActiveCfg = Release|Any CPU
		{D461BC8B-10E4-40CE-A3D4-114D11796428}.Release|Any CPU.Build.0 = Release|Any CPU
		{6BC0908B-BD05-4FDC-BC84-1F6631F9CDE1}.Debug|Any CPU.ActiveCfg = Debug|Any CPU
		{6BC0908B-BD05-4FDC-BC84-1F6631F9CDE1}.Debug|Any CPU.Build.0 = Debug|Any CPU
		{6BC0908B-BD05-4FDC-BC84-1F6631F9CDE1}.Release|Any CPU.ActiveCfg = Release|Any CPU
		{6BC0908B-BD05-4FDC-BC84-1F6631F9CDE1}.Release|Any CPU.Build.0 = Release|Any CPU
		{6EC68B3F-8DC0-44ED-BADA-E198BE698726}.Debug|Any CPU.ActiveCfg = Debug|Any CPU
		{6EC68B3F-8DC0-44ED-BADA-E198BE698726}.Debug|Any CPU.Build.0 = Debug|Any CPU
		{6EC68B3F-8DC0-44ED-BADA-E198BE698726}.Release|Any CPU.ActiveCfg = Release|Any CPU
		{6EC68B3F-8DC0-44ED-BADA-E198BE698726}.Release|Any CPU.Build.0 = Release|Any CPU
		{47CBD943-91A2-4D19-994B-EBDE450F8FE5}.Debug|Any CPU.ActiveCfg = Debug|Any CPU
		{47CBD943-91A2-4D19-994B-EBDE450F8FE5}.Debug|Any CPU.Build.0 = Debug|Any CPU
		{47CBD943-91A2-4D19-994B-EBDE450F8FE5}.Release|Any CPU.ActiveCfg = Release|Any CPU
		{47CBD943-91A2-4D19-994B-EBDE450F8FE5}.Release|Any CPU.Build.0 = Release|Any CPU
		{51F61D7D-CC3C-44BF-9ADD-F98FCAD5A54C}.Debug|Any CPU.ActiveCfg = Debug|Any CPU
		{51F61D7D-CC3C-44BF-9ADD-F98FCAD5A54C}.Debug|Any CPU.Build.0 = Debug|Any CPU
		{51F61D7D-CC3C-44BF-9ADD-F98FCAD5A54C}.Release|Any CPU.ActiveCfg = Release|Any CPU
		{51F61D7D-CC3C-44BF-9ADD-F98FCAD5A54C}.Release|Any CPU.Build.0 = Release|Any CPU
		{E85BD6EF-2FB6-47D5-8B3F-EEAEEF13B10F}.Debug|Any CPU.ActiveCfg = Debug|Any CPU
		{E85BD6EF-2FB6-47D5-8B3F-EEAEEF13B10F}.Debug|Any CPU.Build.0 = Debug|Any CPU
		{E85BD6EF-2FB6-47D5-8B3F-EEAEEF13B10F}.Release|Any CPU.ActiveCfg = Release|Any CPU
		{E85BD6EF-2FB6-47D5-8B3F-EEAEEF13B10F}.Release|Any CPU.Build.0 = Release|Any CPU
		{0140B08C-89BF-438F-84A6-DD3EEB77F57C}.Debug|Any CPU.ActiveCfg = Debug|Any CPU
		{0140B08C-89BF-438F-84A6-DD3EEB77F57C}.Debug|Any CPU.Build.0 = Debug|Any CPU
		{0140B08C-89BF-438F-84A6-DD3EEB77F57C}.Release|Any CPU.ActiveCfg = Release|Any CPU
		{0140B08C-89BF-438F-84A6-DD3EEB77F57C}.Release|Any CPU.Build.0 = Release|Any CPU
	EndGlobalSection
	GlobalSection(SolutionProperties) = preSolution
		HideSolutionNode = FALSE
	EndGlobalSection
	GlobalSection(ExtensibilityGlobals) = postSolution
		SolutionGuid = {C923F668-002B-4458-B1C8-F361F93E46FC}
	EndGlobalSection
EndGlobal
